
Microsoft Visual Studio Solution File, Format Version 12.00
# Visual Studio Version 17
VisualStudioVersion = 17.9.34622.214
MinimumVisualStudioVersion = 10.0.40219.1
Project("{FAE04EC0-301F-11D3-BF4B-00C04F79EFBC}") = "Lab03-DAEA", "Lab03-DAEA\Lab03-DAEA.csproj", "{668903A2-93FF-4D5E-8EA2-69CD42419AA0}"
EndProject
Global
	GlobalSection(SolutionConfigurationPlatforms) = preSolution
		Debug|Any CPU = Debug|Any CPU
		Release|Any CPU = Release|Any CPU
	EndGlobalSection
	GlobalSection(ProjectConfigurationPlatforms) = postSolution
		{668903A2-93FF-4D5E-8EA2-69CD42419AA0}.Debug|Any CPU.ActiveCfg = Debug|Any CPU
		{668903A2-93FF-4D5E-8EA2-69CD42419AA0}.Debug|Any CPU.Build.0 = Debug|Any CPU
		{668903A2-93FF-4D5E-8EA2-69CD42419AA0}.Release|Any CPU.ActiveCfg = Release|Any CPU
		{668903A2-93FF-4D5E-8EA2-69CD42419AA0}.Release|Any CPU.Build.0 = Release|Any CPU
	EndGlobalSection
	GlobalSection(SolutionProperties) = preSolution
		HideSolutionNode = FALSE
	EndGlobalSection
	GlobalSection(ExtensibilityGlobals) = postSolution
		SolutionGuid = {324C8FEF-D67F-4389-87B2-A202BE0139E4}
	EndGlobalSection
EndGlobal
